
Microsoft Visual Studio Solution File, Format Version 12.00
# Visual Studio Version 17
VisualStudioVersion = 17.8.34330.188
MinimumVisualStudioVersion = 10.0.40219.1
Project("{FAE04EC0-301F-11D3-BF4B-00C04F79EFBC}") = "BankAccountService", "BankAccountService.csproj", "{64B11C0D-1328-4620-A884-C9F6A6A95094}"
EndProject
Global
	GlobalSection(SolutionConfigurationPlatforms) = preSolution
		Debug|Any CPU = Debug|Any CPU
		Release|Any CPU = Release|Any CPU
	EndGlobalSection
	GlobalSection(ProjectConfigurationPlatforms) = postSolution
		{64B11C0D-1328-4620-A884-C9F6A6A95094}.Debug|Any CPU.ActiveCfg = Debug|Any CPU
		{64B11C0D-1328-4620-A884-C9F6A6A95094}.Debug|Any CPU.Build.0 = Debug|Any CPU
		{64B11C0D-1328-4620-A884-C9F6A6A95094}.Release|Any CPU.ActiveCfg = Release|Any CPU
		{64B11C0D-1328-4620-A884-C9F6A6A95094}.Release|Any CPU.Build.0 = Release|Any CPU
	EndGlobalSection
	GlobalSection(SolutionProperties) = preSolution
		HideSolutionNode = FALSE
	EndGlobalSection
	GlobalSection(ExtensibilityGlobals) = postSolution
		SolutionGuid = {6A34BA09-CF4E-4266-93C0-36D30A9B1230}
	EndGlobalSection
EndGlobal
